
Microsoft Visual Studio Solution File, Format Version 11.00
# Visual Studio 2010
Project("{FAE04EC0-301F-11D3-BF4B-00C04F79EFBC}") = "MvcMusicStore", "MvcMusicStore\MvcMusicStore.csproj", "{64D228B9-F228-4448-A854-B0D6571B2F1B}"
EndProject
Project("{FAE04EC0-301F-11D3-BF4B-00C04F79EFBC}") = "MvcMusicStore.Tests", "MvcMusicStore.Tests\MvcMusicStore.Tests.csproj", "{FA3BD67B-B1ED-4C65-B831-53FFB3A5796A}"
EndProject
Global
	GlobalSection(SolutionConfigurationPlatforms) = preSolution
		Debug|Any CPU = Debug|Any CPU
		Release|Any CPU = Release|Any CPU
	EndGlobalSection
	GlobalSection(ProjectConfigurationPlatforms) = postSolution
		{64D228B9-F228-4448-A854-B0D6571B2F1B}.Debug|Any CPU.ActiveCfg = Debug|Any CPU
		{64D228B9-F228-4448-A854-B0D6571B2F1B}.Debug|Any CPU.Build.0 = Debug|Any CPU
		{64D228B9-F228-4448-A854-B0D6571B2F1B}.Release|Any CPU.ActiveCfg = Release|Any CPU
		{64D228B9-F228-4448-A854-B0D6571B2F1B}.Release|Any CPU.Build.0 = Release|Any CPU
		{FA3BD67B-B1ED-4C65-B831-53FFB3A5796A}.Debug|Any CPU.ActiveCfg = Debug|Any CPU
		{FA3BD67B-B1ED-4C65-B831-53FFB3A5796A}.Debug|Any CPU.Build.0 = Debug|Any CPU
		{FA3BD67B-B1ED-4C65-B831-53FFB3A5796A}.Release|Any CPU.ActiveCfg = Release|Any CPU
		{FA3BD67B-B1ED-4C65-B831-53FFB3A5796A}.Release|Any CPU.Build.0 = Release|Any CPU
	EndGlobalSection
	GlobalSection(SolutionProperties) = preSolution
		HideSolutionNode = FALSE
	EndGlobalSection
EndGlobal
